
Microsoft Visual Studio Solution File, Format Version 12.00
# Visual Studio Version 17
VisualStudioVersion = 17.3.32929.385
MinimumVisualStudioVersion = 10.0.40219.1
Project("{FAE04EC0-301F-11D3-BF4B-00C04F79EFBC}") = "атт", "атт\атт.csproj", "{DC56CF12-2D9D-47E1-AD56-C2B35FB6CA16}"
EndProject
Global
	GlobalSection(SolutionConfigurationPlatforms) = preSolution
		Debug|Any CPU = Debug|Any CPU
		Release|Any CPU = Release|Any CPU
	EndGlobalSection
	GlobalSection(ProjectConfigurationPlatforms) = postSolution
		{DC56CF12-2D9D-47E1-AD56-C2B35FB6CA16}.Debug|Any CPU.ActiveCfg = Debug|Any CPU
		{DC56CF12-2D9D-47E1-AD56-C2B35FB6CA16}.Debug|Any CPU.Build.0 = Debug|Any CPU
		{DC56CF12-2D9D-47E1-AD56-C2B35FB6CA16}.Release|Any CPU.ActiveCfg = Release|Any CPU
		{DC56CF12-2D9D-47E1-AD56-C2B35FB6CA16}.Release|Any CPU.Build.0 = Release|Any CPU
	EndGlobalSection
	GlobalSection(SolutionProperties) = preSolution
		HideSolutionNode = FALSE
	EndGlobalSection
	GlobalSection(ExtensibilityGlobals) = postSolution
		SolutionGuid = {EB7F4543-346F-4DE3-9734-3FFF25AF00E1}
	EndGlobalSection
EndGlobal
